
Microsoft Visual Studio Solution File, Format Version 12.00
# Visual Studio Version 17
VisualStudioVersion = 17.10.34928.147
MinimumVisualStudioVersion = 10.0.40219.1
Project("{FAE04EC0-301F-11D3-BF4B-00C04F79EFBC}") = "Synapse Boutiuqe Shop", "Synapse Boutiuqe Shop\Synapse Boutiuqe Shop.csproj", "{58D5D06C-48BA-4658-9883-CC886AEEB6E4}"
EndProject
Global
	GlobalSection(SolutionConfigurationPlatforms) = preSolution
		Debug|Any CPU = Debug|Any CPU
		Release|Any CPU = Release|Any CPU
	EndGlobalSection
	GlobalSection(ProjectConfigurationPlatforms) = postSolution
		{58D5D06C-48BA-4658-9883-CC886AEEB6E4}.Debug|Any CPU.ActiveCfg = Debug|Any CPU
		{58D5D06C-48BA-4658-9883-CC886AEEB6E4}.Debug|Any CPU.Build.0 = Debug|Any CPU
		{58D5D06C-48BA-4658-9883-CC886AEEB6E4}.Release|Any CPU.ActiveCfg = Release|Any CPU
		{58D5D06C-48BA-4658-9883-CC886AEEB6E4}.Release|Any CPU.Build.0 = Release|Any CPU
	EndGlobalSection
	GlobalSection(SolutionProperties) = preSolution
		HideSolutionNode = FALSE
	EndGlobalSection
	GlobalSection(ExtensibilityGlobals) = postSolution
		SolutionGuid = {1AF1D899-D1DC-41DA-852D-7D8E32AD8D4B}
	EndGlobalSection
EndGlobal
